
Microsoft Visual Studio Solution File, Format Version 12.00
# Visual Studio Version 16
VisualStudioVersion = 16.0.30503.244
MinimumVisualStudioVersion = 10.0.40219.1
Project("{FAE04EC0-301F-11D3-BF4B-00C04F79EFBC}") = "THFramework", "THFramework\THFramework.csproj", "{F743842F-B0E0-4265-A191-68BC045D3F41}"
EndProject
Project("{FAE04EC0-301F-11D3-BF4B-00C04F79EFBC}") = "Framework", "Framework\Framework.csproj", "{5775842D-CEA0-42BB-997A-4F59EBC04E58}"
EndProject
Project("{FAE04EC0-301F-11D3-BF4B-00C04F79EFBC}") = "CoreData", "CoreData\CoreData.csproj", "{DDC5EA3F-668F-4F3B-9258-CBD96228B0E5}"
EndProject
Project("{FAE04EC0-301F-11D3-BF4B-00C04F79EFBC}") = "Services", "Services\Services.csproj", "{8A027FE5-16F3-4CCF-AB48-744B1F7A6D7B}"
EndProject
Global
	GlobalSection(SolutionConfigurationPlatforms) = preSolution
		Debug|Any CPU = Debug|Any CPU
		Release|Any CPU = Release|Any CPU
	EndGlobalSection
	GlobalSection(ProjectConfigurationPlatforms) = postSolution
		{F743842F-B0E0-4265-A191-68BC045D3F41}.Debug|Any CPU.ActiveCfg = Debug|Any CPU
		{F743842F-B0E0-4265-A191-68BC045D3F41}.Debug|Any CPU.Build.0 = Debug|Any CPU
		{F743842F-B0E0-4265-A191-68BC045D3F41}.Release|Any CPU.ActiveCfg = Release|Any CPU
		{F743842F-B0E0-4265-A191-68BC045D3F41}.Release|Any CPU.Build.0 = Release|Any CPU
		{5775842D-CEA0-42BB-997A-4F59EBC04E58}.Debug|Any CPU.ActiveCfg = Debug|Any CPU
		{5775842D-CEA0-42BB-997A-4F59EBC04E58}.Debug|Any CPU.Build.0 = Debug|Any CPU
		{5775842D-CEA0-42BB-997A-4F59EBC04E58}.Release|Any CPU.ActiveCfg = Release|Any CPU
		{5775842D-CEA0-42BB-997A-4F59EBC04E58}.Release|Any CPU.Build.0 = Release|Any CPU
		{DDC5EA3F-668F-4F3B-9258-CBD96228B0E5}.Debug|Any CPU.ActiveCfg = Debug|Any CPU
		{DDC5EA3F-668F-4F3B-9258-CBD96228B0E5}.Debug|Any CPU.Build.0 = Debug|Any CPU
		{DDC5EA3F-668F-4F3B-9258-CBD96228B0E5}.Release|Any CPU.ActiveCfg = Release|Any CPU
		{DDC5EA3F-668F-4F3B-9258-CBD96228B0E5}.Release|Any CPU.Build.0 = Release|Any CPU
		{8A027FE5-16F3-4CCF-AB48-744B1F7A6D7B}.Debug|Any CPU.ActiveCfg = Debug|Any CPU
		{8A027FE5-16F3-4CCF-AB48-744B1F7A6D7B}.Debug|Any CPU.Build.0 = Debug|Any CPU
		{8A027FE5-16F3-4CCF-AB48-744B1F7A6D7B}.Release|Any CPU.ActiveCfg = Release|Any CPU
		{8A027FE5-16F3-4CCF-AB48-744B1F7A6D7B}.Release|Any CPU.Build.0 = Release|Any CPU
	EndGlobalSection
	GlobalSection(SolutionProperties) = preSolution
		HideSolutionNode = FALSE
	EndGlobalSection
	GlobalSection(ExtensibilityGlobals) = postSolution
		SolutionGuid = {87073CCC-BF72-426F-BF77-34E17651DCA0}
	EndGlobalSection
EndGlobal
